
Microsoft Visual Studio Solution File, Format Version 12.00
# Visual Studio Version 17
VisualStudioVersion = 17.10.35122.118
MinimumVisualStudioVersion = 10.0.40219.1
Project("{FAE04EC0-301F-11D3-BF4B-00C04F79EFBC}") = "CMSBlog", "CMSBlog\CMSBlog.csproj", "{78B4BD82-95AF-4B30-B414-1851DF3D7DAB}"
EndProject
Global
	GlobalSection(SolutionConfigurationPlatforms) = preSolution
		Debug|Any CPU = Debug|Any CPU
		Release|Any CPU = Release|Any CPU
	EndGlobalSection
	GlobalSection(ProjectConfigurationPlatforms) = postSolution
		{78B4BD82-95AF-4B30-B414-1851DF3D7DAB}.Debug|Any CPU.ActiveCfg = Debug|Any CPU
		{78B4BD82-95AF-4B30-B414-1851DF3D7DAB}.Debug|Any CPU.Build.0 = Debug|Any CPU
		{78B4BD82-95AF-4B30-B414-1851DF3D7DAB}.Release|Any CPU.ActiveCfg = Release|Any CPU
		{78B4BD82-95AF-4B30-B414-1851DF3D7DAB}.Release|Any CPU.Build.0 = Release|Any CPU
	EndGlobalSection
	GlobalSection(SolutionProperties) = preSolution
		HideSolutionNode = FALSE
	EndGlobalSection
	GlobalSection(ExtensibilityGlobals) = postSolution
		SolutionGuid = {055F49EC-343A-45C9-B83C-32B02D715FB5}
	EndGlobalSection
EndGlobal
